
Microsoft Visual Studio Solution File, Format Version 12.00
# Visual Studio Version 17
VisualStudioVersion = 17.9.34723.18
MinimumVisualStudioVersion = 10.0.40219.1
Project("{8BC9CEB8-8B4A-11D0-8D11-00A0C91BC942}") = "1MHero's", "1MHero's\1MHero's.vcxproj", "{FC3C81BD-119F-473B-B0EE-0AA7E4704AF5}"
EndProject
Global
	GlobalSection(SolutionConfigurationPlatforms) = preSolution
		Debug|x64 = Debug|x64
		Release|x64 = Release|x64
	EndGlobalSection
	GlobalSection(ProjectConfigurationPlatforms) = postSolution
		{FC3C81BD-119F-473B-B0EE-0AA7E4704AF5}.Debug|x64.ActiveCfg = Debug|x64
		{FC3C81BD-119F-473B-B0EE-0AA7E4704AF5}.Debug|x64.Build.0 = Debug|x64
		{FC3C81BD-119F-473B-B0EE-0AA7E4704AF5}.Release|x64.ActiveCfg = Release|x64
		{FC3C81BD-119F-473B-B0EE-0AA7E4704AF5}.Release|x64.Build.0 = Release|x64
	EndGlobalSection
	GlobalSection(SolutionProperties) = preSolution
		HideSolutionNode = FALSE
	EndGlobalSection
	GlobalSection(ExtensibilityGlobals) = postSolution
		SolutionGuid = {C4FE9102-803D-453D-8535-1E53CCC3B63F}
	EndGlobalSection
EndGlobal
